// !$*UTF8*$!
{
	archiveVersion = 1;
	classes = {
	};
	objectVersion = 46;
	objects = {

/* Begin PBXBuildFile section */
		CA66863E19D2A7D100EC55B3 /* Foundation.framework in Frameworks */ = {isa = PBXBuildFile; fileRef = CA66863D19D2A7D100EC55B3 /* Foundation.framework */; };
		CA66864019D2A7D100EC55B3 /* CoreGraphics.framework in Frameworks */ = {isa = PBXBuildFile; fileRef = CA66863F19D2A7D100EC55B3 /* CoreGraphics.framework */; };
		CA66864219D2A7D100EC55B3 /* UIKit.framework in Frameworks */ = {isa = PBXBuildFile; fileRef = CA66864119D2A7D100EC55B3 /* UIKit.framework */; };
		CA66864819D2A7D100EC55B3 /* InfoPlist.strings in Resources */ = {isa = PBXBuildFile; fileRef = CA66864619D2A7D100EC55B3 /* InfoPlist.strings */; };
		CA66864A19D2A7D100EC55B3 /* main.m in Sources */ = {isa = PBXBuildFile; fileRef = CA66864919D2A7D100EC55B3 /* main.m */; };
		CA66864E19D2A7D100EC55B3 /* SSAppDelegate.m in Sources */ = {isa = PBXBuildFile; fileRef = CA66864D19D2A7D100EC55B3 /* SSAppDelegate.m */; };
		CA66865119D2A7D100EC55B3 /* Main.storyboard in Resources */ = {isa = PBXBuildFile; fileRef = CA66864F19D2A7D100EC55B3 /* Main.storyboard */; };
		CA66865419D2A7D100EC55B3 /* SSViewController.m in Sources */ = {isa = PBXBuildFile; fileRef = CA66865319D2A7D100EC55B3 /* SSViewController.m */; };
		CA66865619D2A7D100EC55B3 /* Images.xcassets in Resources */ = {isa = PBXBuildFile; fileRef = CA66865519D2A7D100EC55B3 /* Images.xcassets */; };
		CA66865D19D2A7D100EC55B3 /* XCTest.framework in Frameworks */ = {isa = PBXBuildFile; fileRef = CA66865C19D2A7D100EC55B3 /* XCTest.framework */; };
		CA66865E19D2A7D100EC55B3 /* Foundation.framework in Frameworks */ = {isa = PBXBuildFile; fileRef = CA66863D19D2A7D100EC55B3 /* Foundation.framework */; };
		CA66865F19D2A7D100EC55B3 /* UIKit.framework in Frameworks */ = {isa = PBXBuildFile; fileRef = CA66864119D2A7D100EC55B3 /* UIKit.framework */; };
		CA66866719D2A7D100EC55B3 /* InfoPlist.strings in Resources */ = {isa = PBXBuildFile; fileRef = CA66866519D2A7D100EC55B3 /* InfoPlist.strings */; };
		CA66866919D2A7D100EC55B3 /* Pirate_AdventureTests.m in Sources */ = {isa = PBXBuildFile; fileRef = CA66866819D2A7D100EC55B3 /* Pirate_AdventureTests.m */; };
/* End PBXBuildFile section */

/* Begin PBXContainerItemProxy section */
		CA66866019D2A7D100EC55B3 /* PBXContainerItemProxy */ = {
			isa = PBXContainerItemProxy;
			containerPortal = CA66863219D2A7D100EC55B3 /* Project object */;
			proxyType = 1;
			remoteGlobalIDString = CA66863919D2A7D100EC55B3;
			remoteInfo = "Pirate Adventure";
		};
/* End PBXContainerItemProxy section */

/* Begin PBXFileReference section */
		CA66863A19D2A7D100EC55B3 /* Pirate Adventure.app */ = {isa = PBXFileReference; explicitFileType = wrapper.application; includeInIndex = 0; path = "Pirate Adventure.app"; sourceTree = BUILT_PRODUCTS_DIR; };
		CA66863D19D2A7D100EC55B3 /* Foundation.framework */ = {isa = PBXFileReference; lastKnownFileType = wrapper.framework; name = Foundation.framework; path = System/Library/Frameworks/Foundation.framework; sourceTree = SDKROOT; };
		CA66863F19D2A7D100EC55B3 /* CoreGraphics.framework */ = {isa = PBXFileReference; lastKnownFileType = wrapper.framework; name = CoreGraphics.framework; path = System/Library/Frameworks/CoreGraphics.framework; sourceTree = SDKROOT; };
		CA66864119D2A7D100EC55B3 /* UIKit.framework */ = {isa = PBXFileReference; lastKnownFileType = wrapper.framework; name = UIKit.framework; path = System/Library/Frameworks/UIKit.framework; sourceTree = SDKROOT; };
		CA66864519D2A7D100EC55B3 /* Pirate Adventure-Info.plist */ = {isa = PBXFileReference; lastKnownFileType = text.plist.xml; path = "Pirate Adventure-Info.plist"; sourceTree = "<group>"; };
		CA66864719D2A7D100EC55B3 /* en */ = {isa = PBXFileReference; lastKnownFileType = text.plist.strings; name = en; path = en.lproj/InfoPlist.strings; sourceTree = "<group>"; };
		CA66864919D2A7D100EC55B3 /* main.m */ = {isa = PBXFileReference; lastKnownFileType = sourcecode.c.objc; path = main.m; sourceTree = "<group>"; };
		CA66864B19D2A7D100EC55B3 /* Pirate Adventure-Prefix.pch */ = {isa = PBXFileReference; lastKnownFileType = sourcecode.c.h; path = "Pirate Adventure-Prefix.pch"; sourceTree = "<group>"; };
		CA66864C19D2A7D100EC55B3 /* SSAppDelegate.h */ = {isa = PBXFileReference; lastKnownFileType = sourcecode.c.h; path = SSAppDelegate.h; sourceTree = "<group>"; };
		CA66864D19D2A7D100EC55B3 /* SSAppDelegate.m */ = {isa = PBXFileReference; lastKnownFileType = sourcecode.c.objc; path = SSAppDelegate.m; sourceTree = "<group>"; };
		CA66865019D2A7D100EC55B3 /* Base */ = {isa = PBXFileReference; lastKnownFileType = file.storyboard; name = Base; path = Base.lproj/Main.storyboard; sourceTree = "<group>"; };
		CA66865219D2A7D100EC55B3 /* SSViewController.h */ = {isa = PBXFileReference; lastKnownFileType = sourcecode.c.h; path = SSViewController.h; sourceTree = "<group>"; };
		CA66865319D2A7D100EC55B3 /* SSViewController.m */ = {isa = PBXFileReference; lastKnownFileType = sourcecode.c.objc; path = SSViewController.m; sourceTree = "<group>"; };
		CA66865519D2A7D100EC55B3 /* Images.xcassets */ = {isa = PBXFileReference; lastKnownFileType = folder.assetcatalog; path = Images.xcassets; sourceTree = "<group>"; };
		CA66865B19D2A7D100EC55B3 /* Pirate AdventureTests.xctest */ = {isa = PBXFileReference; explicitFileType = wrapper.cfbundle; includeInIndex = 0; path = "Pirate AdventureTests.xctest"; sourceTree = BUILT_PRODUCTS_DIR; };
		CA66865C19D2A7D100EC55B3 /* XCTest.framework */ = {isa = PBXFileReference; lastKnownFileType = wrapper.framework; name = XCTest.framework; path = Library/Frameworks/XCTest.framework; sourceTree = DEVELOPER_DIR; };
		CA66866419D2A7D100EC55B3 /* Pirate AdventureTests-Info.plist */ = {isa = PBXFileReference; lastKnownFileType = text.plist.xml; path = "Pirate AdventureTests-Info.plist"; sourceTree = "<group>"; };
		CA66866619D2A7D100EC55B3 /* en */ = {isa = PBXFileReference; lastKnownFileType = text.plist.strings; name = en; path = en.lproj/InfoPlist.strings; sourceTree = "<group>"; };
		CA66866819D2A7D100EC55B3 /* Pirate_AdventureTests.m */ = {isa = PBXFileReference; lastKnownFileType = sourcecode.c.objc; path = Pirate_AdventureTests.m; sourceTree = "<group>"; };
/* End PBXFileReference section */

/* Begin PBXFrameworksBuildPhase section */
		CA66863719D2A7D100EC55B3 /* Frameworks */ = {
			isa = PBXFrameworksBuildPhase;
			buildActionMask = 2147483647;
			files = (
				CA66864019D2A7D100EC55B3 /* CoreGraphics.framework in Frameworks */,
				CA66864219D2A7D100EC55B3 /* UIKit.framework in Frameworks */,
				CA66863E19D2A7D100EC55B3 /* Foundation.framework in Frameworks */,
			);
			runOnlyForDeploymentPostprocessing = 0;
		};
		CA66865819D2A7D100EC55B3 /* Frameworks */ = {
			isa = PBXFrameworksBuildPhase;
			buildActionMask = 2147483647;
			files = (
				CA66865D19D2A7D100EC55B3 /* XCTest.framework in Frameworks */,
				CA66865F19D2A7D100EC55B3 /* UIKit.framework in Frameworks */,
				CA66865E19D2A7D100EC55B3 /* Foundation.framework in Frameworks */,
			);
			runOnlyForDeploymentPostprocessing = 0;
		};
/* End PBXFrameworksBuildPhase section */

/* Begin PBXGroup section */
		CA66863119D2A7D100EC55B3 = {
			isa = PBXGroup;
			children = (
				CA66864319D2A7D100EC55B3 /* Pirate Adventure */,
				CA66866219D2A7D100EC55B3 /* Pirate AdventureTests */,
				CA66863C19D2A7D100EC55B3 /* Frameworks */,
				CA66863B19D2A7D100EC55B3 /* Products */,
			);
			sourceTree = "<group>";
		};
		CA66863B19D2A7D100EC55B3 /* Products */ = {
			isa = PBXGroup;
			children = (
				CA66863A19D2A7D100EC55B3 /* Pirate Adventure.app */,
				CA66865B19D2A7D100EC55B3 /* Pirate AdventureTests.xctest */,
			);
			name = Products;
			sourceTree = "<group>";
		};
		CA66863C19D2A7D100EC55B3 /* Frameworks */ = {
			isa = PBXGroup;
			children = (
				CA66863D19D2A7D100EC55B3 /* Foundation.framework */,
				CA66863F19D2A7D100EC55B3 /* CoreGraphics.framework */,
				CA66864119D2A7D100EC55B3 /* UIKit.framework */,
				CA66865C19D2A7D100EC55B3 /* XCTest.framework */,
			);
			name = Frameworks;
			sourceTree = "<group>";
		};
		CA66864319D2A7D100EC55B3 /* Pirate Adventure */ = {
			isa = PBXGroup;
			children = (
				CA66864C19D2A7D100EC55B3 /* SSAppDelegate.h */,
				CA66864D19D2A7D100EC55B3 /* SSAppDelegate.m */,
				CA66864F19D2A7D100EC55B3 /* Main.storyboard */,
				CA66865219D2A7D100EC55B3 /* SSViewController.h */,
				CA66865319D2A7D100EC55B3 /* SSViewController.m */,
				CA66865519D2A7D100EC55B3 /* Images.xcassets */,
				CA66864419D2A7D100EC55B3 /* Supporting Files */,
			);
			path = "Pirate Adventure";
			sourceTree = "<group>";
		};
		CA66864419D2A7D100EC55B3 /* Supporting Files */ = {
			isa = PBXGroup;
			children = (
				CA66864519D2A7D100EC55B3 /* Pirate Adventure-Info.plist */,
				CA66864619D2A7D100EC55B3 /* InfoPlist.strings */,
				CA66864919D2A7D100EC55B3 /* main.m */,
				CA66864B19D2A7D100EC55B3 /* Pirate Adventure-Prefix.pch */,
			);
			name = "Supporting Files";
			sourceTree = "<group>";
		};
		CA66866219D2A7D100EC55B3 /* Pirate AdventureTests */ = {
			isa = PBXGroup;
			children = (
				CA66866819D2A7D100EC55B3 /* Pirate_AdventureTests.m */,
				CA66866319D2A7D100EC55B3 /* Supporting Files */,
			);
			path = "Pirate AdventureTests";
			sourceTree = "<group>";
		};
		CA66866319D2A7D100EC55B3 /* Supporting Files */ = {
			isa = PBXGroup;
			children = (
				CA66866419D2A7D100EC55B3 /* Pirate AdventureTests-Info.plist */,
				CA66866519D2A7D100EC55B3 /* InfoPlist.strings */,
			);
			name = "Supporting Files";
			sourceTree = "<group>";
		};
/* End PBXGroup section */

/* Begin PBXNativeTarget section */
		CA66863919D2A7D100EC55B3 /* Pirate Adventure */ = {
			isa = PBXNativeTarget;
			buildConfigurationList = CA66866C19D2A7D100EC55B3 /* Build configuration list for PBXNativeTarget "Pirate Adventure" */;
			buildPhases = (
				CA66863619D2A7D100EC55B3 /* Sources */,
				CA66863719D2A7D100EC55B3 /* Frameworks */,
				CA66863819D2A7D100EC55B3 /* Resources */,
			);
			buildRules = (
			);
			dependencies = (
			);
			name = "Pirate Adventure";
			productName = "Pirate Adventure";
			productReference = CA66863A19D2A7D100EC55B3 /* Pirate Adventure.app */;
			productType = "com.apple.product-type.application";
		};
		CA66865A19D2A7D100EC55B3 /* Pirate AdventureTests */ = {
			isa = PBXNativeTarget;
			buildConfigurationList = CA66866F19D2A7D100EC55B3 /* Build configuration list for PBXNativeTarget "Pirate AdventureTests" */;
			buildPhases = (
				CA66865719D2A7D100EC55B3 /* Sources */,
				CA66865819D2A7D100EC55B3 /* Frameworks */,
				CA66865919D2A7D100EC55B3 /* Resources */,
			);
			buildRules = (
			);
			dependencies = (
				CA66866119D2A7D100EC55B3 /* PBXTargetDependency */,
			);
			name = "Pirate AdventureTests";
			productName = "Pirate AdventureTests";
			productReference = CA66865B19D2A7D100EC55B3 /* Pirate AdventureTests.xctest */;
			productType = "com.apple.product-type.bundle.unit-test";
		};
/* End PBXNativeTarget section */

/* Begin PBXProject section */
		CA66863219D2A7D100EC55B3 /* Project object */ = {
			isa = PBXProject;
			attributes = {
				CLASSPREFIX = SS;
				LastUpgradeCheck = 0510;
				ORGANIZATIONNAME = "Sawant Shah";
				TargetAttributes = {
					CA66865A19D2A7D100EC55B3 = {
						TestTargetID = CA66863919D2A7D100EC55B3;
					};
				};
			};
			buildConfigurationList = CA66863519D2A7D100EC55B3 /* Build configuration list for PBXProject "Pirate Adventure" */;
			compatibilityVersion = "Xcode 3.2";
			developmentRegion = English;
			hasScannedForEncodings = 0;
			knownRegions = (
				en,
				Base,
			);
			mainGroup = CA66863119D2A7D100EC55B3;
			productRefGroup = CA66863B19D2A7D100EC55B3 /* Products */;
			projectDirPath = "";
			projectRoot = "";
			targets = (
				CA66863919D2A7D100EC55B3 /* Pirate Adventure */,
				CA66865A19D2A7D100EC55B3 /* Pirate AdventureTests */,
			);
		};
/* End PBXProject section */

/* Begin PBXResourcesBuildPhase section */
		CA66863819D2A7D100EC55B3 /* Resources */ = {
			isa = PBXResourcesBuildPhase;
			buildActionMask = 2147483647;
			files = (
				CA66865619D2A7D100EC55B3 /* Images.xcassets in Resources */,
				CA66864819D2A7D100EC55B3 /* InfoPlist.strings in Resources */,
				CA66865119D2A7D100EC55B3 /* Main.storyboard in Resources */,
			);
			runOnlyForDeploymentPostprocessing = 0;
		};
		CA66865919D2A7D100EC55B3 /* Resources */ = {
			isa = PBXResourcesBuildPhase;
			buildActionMask = 2147483647;
			files = (
				CA66866719D2A7D100EC55B3 /* InfoPlist.strings in Resources */,
			);
			runOnlyForDeploymentPostprocessing = 0;
		};
/* End PBXResourcesBuildPhase section */

/* Begin PBXSourcesBuildPhase section */
		CA66863619D2A7D100EC55B3 /* Sources */ = {
			isa = PBXSourcesBuildPhase;
			buildActionMask = 2147483647;
			files = (
				CA66865419D2A7D100EC55B3 /* SSViewController.m in Sources */,
				CA66864E19D2A7D100EC55B3 /* SSAppDelegate.m in Sources */,
				CA66864A19D2A7D100EC55B3 /* main.m in Sources */,
			);
			runOnlyForDeploymentPostprocessing = 0;
		};
		CA66865719D2A7D100EC55B3 /* Sources */ = {
			isa = PBXSourcesBuildPhase;
			buildActionMask = 2147483647;
			files = (
				CA66866919D2A7D100EC55B3 /* Pirate_AdventureTests.m in Sources */,
			);
			runOnlyForDeploymentPostprocessing = 0;
		};
/* End PBXSourcesBuildPhase section */

/* Begin PBXTargetDependency section */
		CA66866119D2A7D100EC55B3 /* PBXTargetDependency */ = {
			isa = PBXTargetDependency;
			target = CA66863919D2A7D100EC55B3 /* Pirate Adventure */;
			targetProxy = CA66866019D2A7D100EC55B3 /* PBXContainerItemProxy */;
		};
/* End PBXTargetDependency section */

/* Begin PBXVariantGroup section */
		CA66864619D2A7D100EC55B3 /* InfoPlist.strings */ = {
			isa = PBXVariantGroup;
			children = (
				CA66864719D2A7D100EC55B3 /* en */,
			);
			name = InfoPlist.strings;
			sourceTree = "<group>";
		};
		CA66864F19D2A7D100EC55B3 /* Main.storyboard */ = {
			isa = PBXVariantGroup;
			children = (
				CA66865019D2A7D100EC55B3 /* Base */,
			);
			name = Main.storyboard;
			sourceTree = "<group>";
		};
		CA66866519D2A7D100EC55B3 /* InfoPlist.strings */ = {
			isa = PBXVariantGroup;
			children = (
				CA66866619D2A7D100EC55B3 /* en */,
			);
			name = InfoPlist.strings;
			sourceTree = "<group>";
		};
/* End PBXVariantGroup section */

/* Begin XCBuildConfiguration section */
		CA66866A19D2A7D100EC55B3 /* Debug */ = {
			isa = XCBuildConfiguration;
			buildSettings = {
				ALWAYS_SEARCH_USER_PATHS = NO;
				CLANG_CXX_LANGUAGE_STANDARD = "gnu++0x";
				CLANG_CXX_LIBRARY = "libc++";
				CLANG_ENABLE_MODULES = YES;
				CLANG_ENABLE_OBJC_ARC = YES;
				CLANG_WARN_BOOL_CONVERSION = YES;
				CLANG_WARN_CONSTANT_CONVERSION = YES;
				CLANG_WARN_DIRECT_OBJC_ISA_USAGE = YES_ERROR;
				CLANG_WARN_EMPTY_BODY = YES;
				CLANG_WARN_ENUM_CONVERSION = YES;
				CLANG_WARN_INT_CONVERSION = YES;
				CLANG_WARN_OBJC_ROOT_CLASS = YES_ERROR;
				CLANG_WARN__DUPLICATE_METHOD_MATCH = YES;
				"CODE_SIGN_IDENTITY[sdk=iphoneos*]" = "iPhone Developer";
				COPY_PHASE_STRIP = NO;
				GCC_C_LANGUAGE_STANDARD = gnu99;
				GCC_DYNAMIC_NO_PIC = NO;
				GCC_OPTIMIZATION_LEVEL = 0;
				GCC_PREPROCESSOR_DEFINITIONS = (
					"DEBUG=1",
					"$(inherited)",
				);
				GCC_SYMBOLS_PRIVATE_EXTERN = NO;
				GCC_WARN_64_TO_32_BIT_CONVERSION = YES;
				GCC_WARN_ABOUT_RETURN_TYPE = YES_ERROR;
				GCC_WARN_UNDECLARED_SELECTOR = YES;
				GCC_WARN_UNINITIALIZED_AUTOS = YES_AGGRESSIVE;
				GCC_WARN_UNUSED_FUNCTION = YES;
				GCC_WARN_UNUSED_VARIABLE = YES;
				IPHONEOS_DEPLOYMENT_TARGET = 7.1;
				ONLY_ACTIVE_ARCH = YES;
				SDKROOT = iphoneos;
			};
			name = Debug;
		};
		CA66866B19D2A7D100EC55B3 /* Release */ = {
			isa = XCBuildConfiguration;
			buildSettings = {
				ALWAYS_SEARCH_USER_PATHS = NO;
				CLANG_CXX_LANGUAGE_STANDARD = "gnu++0x";
				CLANG_CXX_LIBRARY = "libc++";
				CLANG_ENABLE_MODULES = YES;
				CLANG_ENABLE_OBJC_ARC = YES;
				CLANG_WARN_BOOL_CONVERSION = YES;
				CLANG_WARN_CONSTANT_CONVERSION = YES;
				CLANG_WARN_DIRECT_OBJC_ISA_USAGE = YES_ERROR;
				CLANG_WARN_EMPTY_BODY = YES;
				CLANG_WARN_ENUM_CONVERSION = YES;
				CLANG_WARN_INT_CONVERSION = YES;
				CLANG_WARN_OBJC_ROOT_CLASS = YES_ERROR;
				CLANG_WARN__DUPLICATE_METHOD_MATCH = YES;
				"CODE_SIGN_IDENTITY[sdk=iphoneos*]" = "iPhone Developer";
				COPY_PHASE_STRIP = YES;
				ENABLE_NS_ASSERTIONS = NO;
				GCC_C_LANGUAGE_STANDARD = gnu99;
				GCC_WARN_64_TO_32_BIT_CONVERSION = YES;
				GCC_WARN_ABOUT_RETURN_TYPE = YES_ERROR;
				GCC_WARN_UNDECLARED_SELECTOR = YES;
				GCC_WARN_UNINITIALIZED_AUTOS = YES_AGGRESSIVE;
				GCC_WARN_UNUSED_FUNCTION = YES;
				GCC_WARN_UNUSED_VARIABLE = YES;
				IPHONEOS_DEPLOYMENT_TARGET = 7.1;
				SDKROOT = iphoneos;
				VALIDATE_PRODUCT = YES;
			};
			name = Release;
		};
		CA66866D19D2A7D100EC55B3 /* Debug */ = {
			isa = XCBuildConfiguration;
			buildSettings = {
				ASSETCATALOG_COMPILER_APPICON_NAME = AppIcon;
				ASSETCATALOG_COMPILER_LAUNCHIMAGE_NAME = LaunchImage;
				GCC_PRECOMPILE_PREFIX_HEADER = YES;
				GCC_PREFIX_HEADER = "Pirate Adventure/Pirate Adventure-Prefix.pch";
				INFOPLIST_FILE = "Pirate Adventure/Pirate Adventure-Info.plist";
				PRODUCT_NAME = "$(TARGET_NAME)";
				WRAPPER_EXTENSION = app;
			};
			name = Debug;
		};
		CA66866E19D2A7D100EC55B3 /* Release */ = {
			isa = XCBuildConfiguration;
			buildSettings = {
				ASSETCATALOG_COMPILER_APPICON_NAME = AppIcon;
				ASSETCATALOG_COMPILER_LAUNCHIMAGE_NAME = LaunchImage;
				GCC_PRECOMPILE_PREFIX_HEADER = YES;
				GCC_PREFIX_HEADER = "Pirate Adventure/Pirate Adventure-Prefix.pch";
				INFOPLIST_FILE = "Pirate Adventure/Pirate Adventure-Info.plist";
				PRODUCT_NAME = "$(TARGET_NAME)";
				WRAPPER_EXTENSION = app;
			};
			name = Release;
		};
		CA66867019D2A7D100EC55B3 /* Debug */ = {
			isa = XCBuildConfiguration;
			buildSettings = {
				BUNDLE_LOADER = "$(BUILT_PRODUCTS_DIR)/Pirate Adventure.app/Pirate Adventure";
				FRAMEWORK_SEARCH_PATHS = (
					"$(SDKROOT)/Developer/Library/Frameworks",
					"$(inherited)",
					"$(DEVELOPER_FRAMEWORKS_DIR)",
				);
				GCC_PRECOMPILE_PREFIX_HEADER = YES;
				GCC_PREFIX_HEADER = "Pirate Adventure/Pirate Adventure-Prefix.pch";
				GCC_PREPROCESSOR_DEFINITIONS = (
					"DEBUG=1",
					"$(inherited)",
				);
				INFOPLIST_FILE = "Pirate AdventureTests/Pirate AdventureTests-Info.plist";
				PRODUCT_NAME = "$(TARGET_NAME)";
				TEST_HOST = "$(BUNDLE_LOADER)";
				WRAPPER_EXTENSION = xctest;
			};
			name = Debug;
		};
		CA66867119D2A7D100EC55B3 /* Release */ = {
			isa = XCBuildConfiguration;
			buildSettings = {
				BUNDLE_LOADER = "$(BUILT_PRODUCTS_DIR)/Pirate Adventure.app/Pirate Adventure";
				FRAMEWORK_SEARCH_PATHS = (
					"$(SDKROOT)/Developer/Library/Frameworks",
					"$(inherited)",
					"$(DEVELOPER_FRAMEWORKS_DIR)",
				);
				GCC_PRECOMPILE_PREFIX_HEADER = YES;
				GCC_PREFIX_HEADER = "Pirate Adventure/Pirate Adventure-Prefix.pch";
				INFOPLIST_FILE = "Pirate AdventureTests/Pirate AdventureTests-Info.plist";
				PRODUCT_NAME = "$(TARGET_NAME)";
				TEST_HOST = "$(BUNDLE_LOADER)";
				WRAPPER_EXTENSION = xctest;
			};
			name = Release;
		};
/* End XCBuildConfiguration section */

/* Begin XCConfigurationList section */
		CA66863519D2A7D100EC55B3 /* Build configuration list for PBXProject "Pirate Adventure" */ = {
			isa = XCConfigurationList;
			buildConfigurations = (
				CA66866A19D2A7D100EC55B3 /* Debug */,
				CA66866B19D2A7D100EC55B3 /* Release */,
			);
			defaultConfigurationIsVisible = 0;
			defaultConfigurationName = Release;
		};
		CA66866C19D2A7D100EC55B3 /* Build configuration list for PBXNativeTarget "Pirate Adventure" */ = {
			isa = XCConfigurationList;
			buildConfigurations = (
				CA66866D19D2A7D100EC55B3 /* Debug */,
				CA66866E19D2A7D100EC55B3 /* Release */,
			);
			defaultConfigurationIsVisible = 0;
		};
		CA66866F19D2A7D100EC55B3 /* Build configuration list for PBXNativeTarget "Pirate AdventureTests" */ = {
			isa = XCConfigurationList;
			buildConfigurations = (
				CA66867019D2A7D100EC55B3 /* Debug */,
				CA66867119D2A7D100EC55B3 /* Release */,
			);
			defaultConfigurationIsVisible = 0;
		};
/* End XCConfigurationList section */
	};
	rootObject = CA66863219D2A7D100EC55B3 /* Project object */;
}
